{
  "url":  ".",
  "deps":  {
    "drivers":  {
      "label":  "drivers",
      "url":  "../drivers",
      "sourcePath":  "src",
      "getterUrl":  "file:///Users/smintz/git/platform-engineering/drivers",
      "fileDescriptorSetSum":  "e9734cbe30c2494d5c7f885b50908426"
    },
    "platform":  {
      "label":  "platform",
      "url":  "..",
      "sourcePath":  "src",
      "getterUrl":  "file:///Users/smintz/git/platform-engineering",
      "fileDescriptorSetSum":  "c0b1d1093ef493b6993596a317d24cf3"
    }
  }
}