{
  "url": ".",
  "deps": {
    "gke": {
      "label": "gke",
      "url": "../../drivers/cluster/gke",
      "branch": "main",
      "sourcePath": "src",
      "getterUrl": "file:///tmp/claude-1000/-workspaces-leap-infra/a40222d2-23d2-43c7-8008-79eb76d535b8/scratchpad/platform-engineering/drivers/cluster/gke?ref=main",
      "fileDescriptorSetSum": "175efcd4efc85c703041c54e3fd5b484"
    },
    "platform": {
      "label": "platform",
      "url": "../..",
      "branch": "main",
      "sourcePath": "src",
      "getterUrl": "file:///tmp/claude-1000/-workspaces-leap-infra/a40222d2-23d2-43c7-8008-79eb76d535b8/scratchpad/platform-engineering?ref=main",
      "fileDescriptorSetSum": "b1294967e96fdad58f1751bcf03ba663"
    },
    "terraform_state": {
      "label": "terraform_state",
      "url": "../../drivers/state/terraform",
      "branch": "main",
      "sourcePath": "src",
      "getterUrl": "file:///tmp/claude-1000/-workspaces-leap-infra/a40222d2-23d2-43c7-8008-79eb76d535b8/scratchpad/platform-engineering/drivers/state/terraform?ref=main",
      "fileDescriptorSetSum": "175efcd4efc85c703041c54e3fd5b484"
    }
  }
}